
Microsoft Visual Studio Solution File, Format Version 11.00
# Visual Studio 2010
Project("{8BC9CEB8-8B4A-11D0-8D11-00A0C91BC942}") = "pctester", "pctester.vcxproj", "{872CDEF1-995B-44BD-8F34-3E91F84E1253}"
EndProject
Global
	GlobalSection(SolutionConfigurationPlatforms) = preSolution
		Debug|Win32 = Debug|Win32
		Release|Win32 = Release|Win32
	EndGlobalSection
	GlobalSection(ProjectConfigurationPlatforms) = postSolution
		{872CDEF1-995B-44BD-8F34-3E91F84E1253}.Debug|Win32.ActiveCfg = Debug|Win32
		{872CDEF1-995B-44BD-8F34-3E91F84E1253}.Debug|Win32.Build.0 = Debug|Win32
		{872CDEF1-995B-44BD-8F34-3E91F84E1253}.Release|Win32.ActiveCfg = Release|Win32
		{872CDEF1-995B-44BD-8F34-3E91F84E1253}.Release|Win32.Build.0 = Release|Win32
	EndGlobalSection
	GlobalSection(SolutionProperties) = preSolution
		HideSolutionNode = FALSE
	EndGlobalSection
EndGlobal
